
Microsoft Visual Studio Solution File, Format Version 12.00
# Visual Studio Version 17
VisualStudioVersion = 17.9.34607.119
MinimumVisualStudioVersion = 10.0.40219.1
Project("{FAE04EC0-301F-11D3-BF4B-00C04F79EFBC}") = "c#project", "c#project\c#project.csproj", "{EBB79D99-9289-4F5C-840C-24A961CFFA2B}"
EndProject
Global
	GlobalSection(SolutionConfigurationPlatforms) = preSolution
		Debug|Any CPU = Debug|Any CPU
		Release|Any CPU = Release|Any CPU
	EndGlobalSection
	GlobalSection(ProjectConfigurationPlatforms) = postSolution
		{EBB79D99-9289-4F5C-840C-24A961CFFA2B}.Debug|Any CPU.ActiveCfg = Debug|Any CPU
		{EBB79D99-9289-4F5C-840C-24A961CFFA2B}.Debug|Any CPU.Build.0 = Debug|Any CPU
		{EBB79D99-9289-4F5C-840C-24A961CFFA2B}.Release|Any CPU.ActiveCfg = Release|Any CPU
		{EBB79D99-9289-4F5C-840C-24A961CFFA2B}.Release|Any CPU.Build.0 = Release|Any CPU
	EndGlobalSection
	GlobalSection(SolutionProperties) = preSolution
		HideSolutionNode = FALSE
	EndGlobalSection
	GlobalSection(ExtensibilityGlobals) = postSolution
		SolutionGuid = {18308500-FDF2-4E0B-9FBA-19211779B274}
	EndGlobalSection
EndGlobal
